
Microsoft Visual Studio Solution File, Format Version 12.00
# Visual Studio Version 17
VisualStudioVersion = 17.10.34928.147
MinimumVisualStudioVersion = 10.0.40219.1
Project("{FAE04EC0-301F-11D3-BF4B-00C04F79EFBC}") = "UpdateDataPLC", "UpdateDataPLC\UpdateDataPLC.csproj", "{88E18EE0-F80A-426F-9B9B-B08277952912}"
EndProject
Global
	GlobalSection(SolutionConfigurationPlatforms) = preSolution
		Debug|Any CPU = Debug|Any CPU
		Release|Any CPU = Release|Any CPU
	EndGlobalSection
	GlobalSection(ProjectConfigurationPlatforms) = postSolution
		{88E18EE0-F80A-426F-9B9B-B08277952912}.Debug|Any CPU.ActiveCfg = Debug|Any CPU
		{88E18EE0-F80A-426F-9B9B-B08277952912}.Debug|Any CPU.Build.0 = Debug|Any CPU
		{88E18EE0-F80A-426F-9B9B-B08277952912}.Release|Any CPU.ActiveCfg = Release|Any CPU
		{88E18EE0-F80A-426F-9B9B-B08277952912}.Release|Any CPU.Build.0 = Release|Any CPU
	EndGlobalSection
	GlobalSection(SolutionProperties) = preSolution
		HideSolutionNode = FALSE
	EndGlobalSection
	GlobalSection(ExtensibilityGlobals) = postSolution
		SolutionGuid = {21DFF7B8-1D75-479C-B2C8-5C2E78DA5B18}
	EndGlobalSection
EndGlobal
